// !$*UTF8*$!
{
	archiveVersion = 1;
	classes = {
	};
	objectVersion = 56;
	objects = {

/* Begin PBXBuildFile section */
		EA05EA212CA496F000815C2F /* SwiftKeychainWrapper in Frameworks */ = {isa = PBXBuildFile; productRef = EA05EA202CA496F000815C2F /* SwiftKeychainWrapper */; };
		EA05EA252CA7244300815C2F /*  TabBarController.swift in Sources */ = {isa = PBXBuildFile; fileRef = EA05EA242CA7242A00815C2F /*  TabBarController.swift */; };
		EA1E21F82C484845007C1B81 /* SingleImageViewController.swift in Sources */ = {isa = PBXBuildFile; fileRef = EA1E21F72C484845007C1B81 /* SingleImageViewController.swift */; };
		EA2FD9F82C63E461000A0F62 /*  OAuth2Service.swift in Sources */ = {isa = PBXBuildFile; fileRef = EA2FD9F72C63E461000A0F62 /*  OAuth2Service.swift */; };
		EA2FD9FA2C63E638000A0F62 /* URLSession+data.swift in Sources */ = {isa = PBXBuildFile; fileRef = EA2FD9F92C63E638000A0F62 /* URLSession+data.swift */; };
		EA2FD9FE2C6428D8000A0F62 /* SplashViewController.swift in Sources */ = {isa = PBXBuildFile; fileRef = EA2FD9FD2C6428D8000A0F62 /* SplashViewController.swift */; };
		EA2FDA002C64E36B000A0F62 /* OAuth2TokenStorage .swift in Sources */ = {isa = PBXBuildFile; fileRef = EA2FD9FF2C64E36B000A0F62 /* OAuth2TokenStorage .swift */; };
		EA2FDA022C655CEA000A0F62 /* OAuthTokenResponseBody.swift in Sources */ = {isa = PBXBuildFile; fileRef = EA2FDA012C655CEA000A0F62 /* OAuthTokenResponseBody.swift */; };
		EA2FDA062C69467C000A0F62 /* WebViewViewControllerDelegate.swift in Sources */ = {isa = PBXBuildFile; fileRef = EA2FDA052C69467C000A0F62 /* WebViewViewControllerDelegate.swift */; };
		EA6B3CCC2C73B3FF00A4533E /* ProgressHUD in Frameworks */ = {isa = PBXBuildFile; productRef = EA6B3CCB2C73B3FF00A4533E /* ProgressHUD */; };
		EA716B7A2C8E57CF008244E6 /* UIBlockingProgressHUD.swift in Sources */ = {isa = PBXBuildFile; fileRef = EA716B792C8E57CF008244E6 /* UIBlockingProgressHUD.swift */; };
		EA716B7D2C90C466008244E6 /* ProfileService.swift in Sources */ = {isa = PBXBuildFile; fileRef = EA716B7C2C90C466008244E6 /* ProfileService.swift */; };
		EA716B7F2C91FD5D008244E6 /* Profile.swift in Sources */ = {isa = PBXBuildFile; fileRef = EA716B7E2C91FD5D008244E6 /* Profile.swift */; };
		EA8B109C2C99FA41008D9693 /* ProfileImageService.swift in Sources */ = {isa = PBXBuildFile; fileRef = EA8B109B2C99FA41008D9693 /* ProfileImageService.swift */; };
		EA9675D02CB6DEFF00C845D0 /* ImagesListService.swift in Sources */ = {isa = PBXBuildFile; fileRef = EA9675CF2CB6DEF500C845D0 /* ImagesListService.swift */; };
		EA9675D22CB6EC3F00C845D0 /* Photo.swift in Sources */ = {isa = PBXBuildFile; fileRef = EA9675D12CB6EC3600C845D0 /* Photo.swift */; };
		EA993FBF2C3F215400FF4BAC /* ImagesListCell.swift in Sources */ = {isa = PBXBuildFile; fileRef = EA993FBE2C3F215400FF4BAC /* ImagesListCell.swift */; };
		EA9D94112C55405500CC1C2D /* AuthConfiguration.swift in Sources */ = {isa = PBXBuildFile; fileRef = EA9D94102C55405500CC1C2D /* AuthConfiguration.swift */; };
		EA9D94132C56D52C00CC1C2D /* AuthViewController.swift in Sources */ = {isa = PBXBuildFile; fileRef = EA9D94122C56D52C00CC1C2D /* AuthViewController.swift */; };
		EA9D94152C56DB0F00CC1C2D /* WebViewViewController.swift in Sources */ = {isa = PBXBuildFile; fileRef = EA9D94142C56DB0F00CC1C2D /* WebViewViewController.swift */; };
		EAA9809F2C372BA30095CE78 /* AppDelegate.swift in Sources */ = {isa = PBXBuildFile; fileRef = EAA9809E2C372BA30095CE78 /* AppDelegate.swift */; };
		EAA980A12C372BA30095CE78 /* SceneDelegate.swift in Sources */ = {isa = PBXBuildFile; fileRef = EAA980A02C372BA30095CE78 /* SceneDelegate.swift */; };
		EAA980A32C372BA30095CE78 /* ImagesListViewController.swift in Sources */ = {isa = PBXBuildFile; fileRef = EAA980A22C372BA30095CE78 /* ImagesListViewController.swift */; };
		EAA980A62C372BA30095CE78 /* Base in Resources */ = {isa = PBXBuildFile; fileRef = EAA980A52C372BA30095CE78 /* Base */; };
		EAA980A82C372BA40095CE78 /* Assets.xcassets in Resources */ = {isa = PBXBuildFile; fileRef = EAA980A72C372BA40095CE78 /* Assets.xcassets */; };
		EAA980AB2C372BA40095CE78 /* Base in Resources */ = {isa = PBXBuildFile; fileRef = EAA980AA2C372BA40095CE78 /* Base */; };
		EAA980B62C372BA40095CE78 /* ImageFeedTests.swift in Sources */ = {isa = PBXBuildFile; fileRef = EAA980B52C372BA40095CE78 /* ImageFeedTests.swift */; };
		EAA980C02C372BA40095CE78 /* ImageFeedUITests.swift in Sources */ = {isa = PBXBuildFile; fileRef = EAA980BF2C372BA40095CE78 /* ImageFeedUITests.swift */; };
		EAA980C22C372BA40095CE78 /* ImageFeedUITestsLaunchTests.swift in Sources */ = {isa = PBXBuildFile; fileRef = EAA980C12C372BA40095CE78 /* ImageFeedUITestsLaunchTests.swift */; };
		EAE280BA2CB85EBB00E9A6DC /*  ImagesListCellDelegate.swift in Sources */ = {isa = PBXBuildFile; fileRef = EAE280B92CB85EB800E9A6DC /*  ImagesListCellDelegate.swift */; };
		EAE280BC2CB8789E00E9A6DC /* ProfileLogoutService.swift in Sources */ = {isa = PBXBuildFile; fileRef = EAE280BB2CB8789B00E9A6DC /* ProfileLogoutService.swift */; };
		EAE280BE2CC0374200E9A6DC /* WebViewPresenter.swift in Sources */ = {isa = PBXBuildFile; fileRef = EAE280BD2CC0373E00E9A6DC /* WebViewPresenter.swift */; };
		EAE280C22CC0536600E9A6DC /* AuthHelper.swift in Sources */ = {isa = PBXBuildFile; fileRef = EAE280C12CC0536300E9A6DC /* AuthHelper.swift */; };
		EAE280C42CC18F5900E9A6DC /* ProfilePresenter.swift in Sources */ = {isa = PBXBuildFile; fileRef = EAE280C32CC18F4200E9A6DC /* ProfilePresenter.swift */; };
		EAE280C62CC1A85400E9A6DC /* ImagesListPresenter.swift in Sources */ = {isa = PBXBuildFile; fileRef = EAE280C52CC1A83500E9A6DC /* ImagesListPresenter.swift */; };
		EAE280E22CC2871000E9A6DC /* ProfileViewTests.swift in Sources */ = {isa = PBXBuildFile; fileRef = EAE280E12CC2870300E9A6DC /* ProfileViewTests.swift */; };
		EAE280E42CC2883C00E9A6DC /* ImagesListViewTests.swift in Sources */ = {isa = PBXBuildFile; fileRef = EAE280E32CC2881C00E9A6DC /* ImagesListViewTests.swift */; };
		EAE280E62CC2889700E9A6DC /* ImagesListPresenterSpy.swift in Sources */ = {isa = PBXBuildFile; fileRef = EAE280E52CC2889500E9A6DC /* ImagesListPresenterSpy.swift */; };
		EAE280E82CC2893400E9A6DC /* ProfilePresenterSpy.swift in Sources */ = {isa = PBXBuildFile; fileRef = EAE280E72CC2893100E9A6DC /* ProfilePresenterSpy.swift */; };
		EAEAB9342C4324770014F1B8 /* ProfileViewController.swift in Sources */ = {isa = PBXBuildFile; fileRef = EAEAB9332C4324770014F1B8 /* ProfileViewController.swift */; };
		EAFBDE952CA4875F004BB407 /* Kingfisher in Frameworks */ = {isa = PBXBuildFile; productRef = EAFBDE942CA4875F004BB407 /* Kingfisher */; };
/* End PBXBuildFile section */

/* Begin PBXContainerItemProxy section */
		EAA980B22C372BA40095CE78 /* PBXContainerItemProxy */ = {
			isa = PBXContainerItemProxy;
			containerPortal = EAA980932C372BA20095CE78 /* Project object */;
			proxyType = 1;
			remoteGlobalIDString = EAA9809A2C372BA20095CE78;
			remoteInfo = ImageFeed;
		};
		EAA980BC2C372BA40095CE78 /* PBXContainerItemProxy */ = {
			isa = PBXContainerItemProxy;
			containerPortal = EAA980932C372BA20095CE78 /* Project object */;
			proxyType = 1;
			remoteGlobalIDString = EAA9809A2C372BA20095CE78;
			remoteInfo = ImageFeed;
		};
		EAE280CF2CC2861E00E9A6DC /* PBXContainerItemProxy */ = {
			isa = PBXContainerItemProxy;
			containerPortal = EAA980932C372BA20095CE78 /* Project object */;
			proxyType = 1;
			remoteGlobalIDString = EAA9809A2C372BA20095CE78;
			remoteInfo = ImageFeed;
		};
		EAE280DC2CC286DB00E9A6DC /* PBXContainerItemProxy */ = {
			isa = PBXContainerItemProxy;
			containerPortal = EAA980932C372BA20095CE78 /* Project object */;
			proxyType = 1;
			remoteGlobalIDString = EAA9809A2C372BA20095CE78;
			remoteInfo = ImageFeed;
		};
/* End PBXContainerItemProxy section */

/* Begin PBXFileReference section */
		EA05EA242CA7242A00815C2F /*  TabBarController.swift */ = {isa = PBXFileReference; lastKnownFileType = sourcecode.swift; path = " TabBarController.swift"; sourceTree = "<group>"; };
		EA1E21F72C484845007C1B81 /* SingleImageViewController.swift */ = {isa = PBXFileReference; lastKnownFileType = sourcecode.swift; path = SingleImageViewController.swift; sourceTree = "<group>"; };
		EA2FD9F72C63E461000A0F62 /*  OAuth2Service.swift */ = {isa = PBXFileReference; lastKnownFileType = sourcecode.swift; path = " OAuth2Service.swift"; sourceTree = "<group>"; };
		EA2FD9F92C63E638000A0F62 /* URLSession+data.swift */ = {isa = PBXFileReference; lastKnownFileType = sourcecode.swift; path = "URLSession+data.swift"; sourceTree = "<group>"; };
		EA2FD9FD2C6428D8000A0F62 /* SplashViewController.swift */ = {isa = PBXFileReference; lastKnownFileType = sourcecode.swift; path = SplashViewController.swift; sourceTree = "<group>"; };
		EA2FD9FF2C64E36B000A0F62 /* OAuth2TokenStorage .swift */ = {isa = PBXFileReference; lastKnownFileType = sourcecode.swift; path = "OAuth2TokenStorage .swift"; sourceTree = "<group>"; };
		EA2FDA012C655CEA000A0F62 /* OAuthTokenResponseBody.swift */ = {isa = PBXFileReference; lastKnownFileType = sourcecode.swift; path = OAuthTokenResponseBody.swift; sourceTree = "<group>"; };
		EA2FDA052C69467C000A0F62 /* WebViewViewControllerDelegate.swift */ = {isa = PBXFileReference; lastKnownFileType = sourcecode.swift; path = WebViewViewControllerDelegate.swift; sourceTree = "<group>"; };
		EA716B792C8E57CF008244E6 /* UIBlockingProgressHUD.swift */ = {isa = PBXFileReference; lastKnownFileType = sourcecode.swift; path = UIBlockingProgressHUD.swift; sourceTree = "<group>"; };
		EA716B7C2C90C466008244E6 /* ProfileService.swift */ = {isa = PBXFileReference; lastKnownFileType = sourcecode.swift; path = ProfileService.swift; sourceTree = "<group>"; };
		EA716B7E2C91FD5D008244E6 /* Profile.swift */ = {isa = PBXFileReference; lastKnownFileType = sourcecode.swift; path = Profile.swift; sourceTree = "<group>"; };
		EA8B109B2C99FA41008D9693 /* ProfileImageService.swift */ = {isa = PBXFileReference; lastKnownFileType = sourcecode.swift; path = ProfileImageService.swift; sourceTree = "<group>"; };
		EA9675CF2CB6DEF500C845D0 /* ImagesListService.swift */ = {isa = PBXFileReference; lastKnownFileType = sourcecode.swift; path = ImagesListService.swift; sourceTree = "<group>"; };
		EA9675D12CB6EC3600C845D0 /* Photo.swift */ = {isa = PBXFileReference; lastKnownFileType = sourcecode.swift; path = Photo.swift; sourceTree = "<group>"; };
		EA993FBE2C3F215400FF4BAC /* ImagesListCell.swift */ = {isa = PBXFileReference; lastKnownFileType = sourcecode.swift; path = ImagesListCell.swift; sourceTree = "<group>"; };
		EA9D94102C55405500CC1C2D /* AuthConfiguration.swift */ = {isa = PBXFileReference; lastKnownFileType = sourcecode.swift; path = AuthConfiguration.swift; sourceTree = "<group>"; };
		EA9D94122C56D52C00CC1C2D /* AuthViewController.swift */ = {isa = PBXFileReference; lastKnownFileType = sourcecode.swift; path = AuthViewController.swift; sourceTree = "<group>"; };
		EA9D94142C56DB0F00CC1C2D /* WebViewViewController.swift */ = {isa = PBXFileReference; lastKnownFileType = sourcecode.swift; path = WebViewViewController.swift; sourceTree = "<group>"; };
		EAA9809B2C372BA30095CE78 /* ImageFeed.app */ = {isa = PBXFileReference; explicitFileType = wrapper.application; includeInIndex = 0; path = ImageFeed.app; sourceTree = BUILT_PRODUCTS_DIR; };
		EAA9809E2C372BA30095CE78 /* AppDelegate.swift */ = {isa = PBXFileReference; lastKnownFileType = sourcecode.swift; path = AppDelegate.swift; sourceTree = "<group>"; };
		EAA980A02C372BA30095CE78 /* SceneDelegate.swift */ = {isa = PBXFileReference; lastKnownFileType = sourcecode.swift; path = SceneDelegate.swift; sourceTree = "<group>"; };
		EAA980A22C372BA30095CE78 /* ImagesListViewController.swift */ = {isa = PBXFileReference; lastKnownFileType = sourcecode.swift; path = ImagesListViewController.swift; sourceTree = "<group>"; };
		EAA980A52C372BA30095CE78 /* Base */ = {isa = PBXFileReference; lastKnownFileType = file.storyboard; name = Base; path = Base.lproj/Main.storyboard; sourceTree = "<group>"; };
		EAA980A72C372BA40095CE78 /* Assets.xcassets */ = {isa = PBXFileReference; lastKnownFileType = folder.assetcatalog; path = Assets.xcassets; sourceTree = "<group>"; };
		EAA980AA2C372BA40095CE78 /* Base */ = {isa = PBXFileReference; lastKnownFileType = file.storyboard; name = Base; path = Base.lproj/LaunchScreen.storyboard; sourceTree = "<group>"; };
		EAA980AC2C372BA40095CE78 /* Info.plist */ = {isa = PBXFileReference; lastKnownFileType = text.plist.xml; path = Info.plist; sourceTree = "<group>"; };
		EAA980B12C372BA40095CE78 /* ImageFeedTests.xctest */ = {isa = PBXFileReference; explicitFileType = wrapper.cfbundle; includeInIndex = 0; path = ImageFeedTests.xctest; sourceTree = BUILT_PRODUCTS_DIR; };
		EAA980B52C372BA40095CE78 /* ImageFeedTests.swift */ = {isa = PBXFileReference; lastKnownFileType = sourcecode.swift; path = ImageFeedTests.swift; sourceTree = "<group>"; };
		EAA980BB2C372BA40095CE78 /* ImageFeedUITests.xctest */ = {isa = PBXFileReference; explicitFileType = wrapper.cfbundle; includeInIndex = 0; path = ImageFeedUITests.xctest; sourceTree = BUILT_PRODUCTS_DIR; };
		EAA980BF2C372BA40095CE78 /* ImageFeedUITests.swift */ = {isa = PBXFileReference; lastKnownFileType = sourcecode.swift; path = ImageFeedUITests.swift; sourceTree = "<group>"; };
		EAA980C12C372BA40095CE78 /* ImageFeedUITestsLaunchTests.swift */ = {isa = PBXFileReference; lastKnownFileType = sourcecode.swift; path = ImageFeedUITestsLaunchTests.swift; sourceTree = "<group>"; };
		EAE280B92CB85EB800E9A6DC /*  ImagesListCellDelegate.swift */ = {isa = PBXFileReference; lastKnownFileType = sourcecode.swift; path = " ImagesListCellDelegate.swift"; sourceTree = "<group>"; };
		EAE280BB2CB8789B00E9A6DC /* ProfileLogoutService.swift */ = {isa = PBXFileReference; lastKnownFileType = sourcecode.swift; path = ProfileLogoutService.swift; sourceTree = "<group>"; };
		EAE280BD2CC0373E00E9A6DC /* WebViewPresenter.swift */ = {isa = PBXFileReference; lastKnownFileType = sourcecode.swift; path = WebViewPresenter.swift; sourceTree = "<group>"; };
		EAE280C12CC0536300E9A6DC /* AuthHelper.swift */ = {isa = PBXFileReference; lastKnownFileType = sourcecode.swift; path = AuthHelper.swift; sourceTree = "<group>"; };
		EAE280C32CC18F4200E9A6DC /* ProfilePresenter.swift */ = {isa = PBXFileReference; lastKnownFileType = sourcecode.swift; path = ProfilePresenter.swift; sourceTree = "<group>"; };
		EAE280C52CC1A83500E9A6DC /* ImagesListPresenter.swift */ = {isa = PBXFileReference; lastKnownFileType = sourcecode.swift; path = ImagesListPresenter.swift; sourceTree = "<group>"; };
		EAE280CB2CC2861E00E9A6DC /* ProfileViewTests.xctest */ = {isa = PBXFileReference; explicitFileType = wrapper.cfbundle; includeInIndex = 0; path = ProfileViewTests.xctest; sourceTree = BUILT_PRODUCTS_DIR; };
		EAE280D82CC286DB00E9A6DC /* ProfileViewTest.xctest */ = {isa = PBXFileReference; explicitFileType = wrapper.cfbundle; includeInIndex = 0; path = ProfileViewTest.xctest; sourceTree = BUILT_PRODUCTS_DIR; };
		EAE280E12CC2870300E9A6DC /* ProfileViewTests.swift */ = {isa = PBXFileReference; lastKnownFileType = sourcecode.swift; path = ProfileViewTests.swift; sourceTree = "<group>"; };
		EAE280E32CC2881C00E9A6DC /* ImagesListViewTests.swift */ = {isa = PBXFileReference; lastKnownFileType = sourcecode.swift; path = ImagesListViewTests.swift; sourceTree = "<group>"; };
		EAE280E52CC2889500E9A6DC /* ImagesListPresenterSpy.swift */ = {isa = PBXFileReference; lastKnownFileType = sourcecode.swift; path = ImagesListPresenterSpy.swift; sourceTree = "<group>"; };
		EAE280E72CC2893100E9A6DC /* ProfilePresenterSpy.swift */ = {isa = PBXFileReference; lastKnownFileType = sourcecode.swift; path = ProfilePresenterSpy.swift; sourceTree = "<group>"; };
		EAEAB9332C4324770014F1B8 /* ProfileViewController.swift */ = {isa = PBXFileReference; lastKnownFileType = sourcecode.swift; path = ProfileViewController.swift; sourceTree = "<group>"; };
/* End PBXFileReference section */

/* Begin PBXFrameworksBuildPhase section */
		EAA980982C372BA20095CE78 /* Frameworks */ = {
			isa = PBXFrameworksBuildPhase;
			buildActionMask = 2147483647;
			files = (
				EAFBDE952CA4875F004BB407 /* Kingfisher in Frameworks */,
				EA6B3CCC2C73B3FF00A4533E /* ProgressHUD in Frameworks */,
				EA05EA212CA496F000815C2F /* SwiftKeychainWrapper in Frameworks */,
			);
			runOnlyForDeploymentPostprocessing = 0;
		};
		EAA980AE2C372BA40095CE78 /* Frameworks */ = {
			isa = PBXFrameworksBuildPhase;
			buildActionMask = 2147483647;
			files = (
			);
			runOnlyForDeploymentPostprocessing = 0;
		};
		EAA980B82C372BA40095CE78 /* Frameworks */ = {
			isa = PBXFrameworksBuildPhase;
			buildActionMask = 2147483647;
			files = (
			);
			runOnlyForDeploymentPostprocessing = 0;
		};
		EAE280C82CC2861E00E9A6DC /* Frameworks */ = {
			isa = PBXFrameworksBuildPhase;
			buildActionMask = 2147483647;
			files = (
			);
			runOnlyForDeploymentPostprocessing = 0;
		};
		EAE280D52CC286DB00E9A6DC /* Frameworks */ = {
			isa = PBXFrameworksBuildPhase;
			buildActionMask = 2147483647;
			files = (
			);
			runOnlyForDeploymentPostprocessing = 0;
		};
/* End PBXFrameworksBuildPhase section */

/* Begin PBXGroup section */
		EA716B7B2C8E57DD008244E6 /* UIBlockingProgressHud */ = {
			isa = PBXGroup;
			children = (
				EA716B792C8E57CF008244E6 /* UIBlockingProgressHUD.swift */,
			);
			path = UIBlockingProgressHud;
			sourceTree = "<group>";
		};
		EA7C03802C714F11000370EB /* ServiceAccessLayer */ = {
			isa = PBXGroup;
			children = (
				EA7C03812C714F42000370EB /* Oauth2 */,
			);
			path = ServiceAccessLayer;
			sourceTree = "<group>";
		};
		EA7C03812C714F42000370EB /* Oauth2 */ = {
			isa = PBXGroup;
			children = (
				EA2FD9F72C63E461000A0F62 /*  OAuth2Service.swift */,
				EA2FD9FF2C64E36B000A0F62 /* OAuth2TokenStorage .swift */,
				EA2FDA012C655CEA000A0F62 /* OAuthTokenResponseBody.swift */,
			);
			path = Oauth2;
			sourceTree = "<group>";
		};
		EA7C03822C714FA8000370EB /* Auth */ = {
			isa = PBXGroup;
			children = (
				EAE280C12CC0536300E9A6DC /* AuthHelper.swift */,
				EAE280BD2CC0373E00E9A6DC /* WebViewPresenter.swift */,
				EA2FDA052C69467C000A0F62 /* WebViewViewControllerDelegate.swift */,
				EA9D94142C56DB0F00CC1C2D /* WebViewViewController.swift */,
				EA9D94122C56D52C00CC1C2D /* AuthViewController.swift */,
			);
			path = Auth;
			sourceTree = "<group>";
		};
		EA7C03832C714FC1000370EB /* SplashViewController */ = {
			isa = PBXGroup;
			children = (
				EA2FD9FD2C6428D8000A0F62 /* SplashViewController.swift */,
			);
			path = SplashViewController;
			sourceTree = "<group>";
		};
		EA7C03842C714FEA000370EB /* ImageList */ = {
			isa = PBXGroup;
			children = (
				EAE280E52CC2889500E9A6DC /* ImagesListPresenterSpy.swift */,
				EAE280C52CC1A83500E9A6DC /* ImagesListPresenter.swift */,
				EAA980A22C372BA30095CE78 /* ImagesListViewController.swift */,
				EAE280B92CB85EB800E9A6DC /*  ImagesListCellDelegate.swift */,
				EA9675D12CB6EC3600C845D0 /* Photo.swift */,
				EA9675CF2CB6DEF500C845D0 /* ImagesListService.swift */,
				EA993FBE2C3F215400FF4BAC /* ImagesListCell.swift */,
			);
			path = ImageList;
			sourceTree = "<group>";
		};
		EA7C03852C715014000370EB /* ProfileViewController */ = {
			isa = PBXGroup;
			children = (
				EAE280E72CC2893100E9A6DC /* ProfilePresenterSpy.swift */,
				EAE280C32CC18F4200E9A6DC /* ProfilePresenter.swift */,
				EAEAB9332C4324770014F1B8 /* ProfileViewController.swift */,
				EAE280BB2CB8789B00E9A6DC /* ProfileLogoutService.swift */,
				EA8B109B2C99FA41008D9693 /* ProfileImageService.swift */,
				EA716B7C2C90C466008244E6 /* ProfileService.swift */,
				EA716B7E2C91FD5D008244E6 /* Profile.swift */,
			);
			path = ProfileViewController;
			sourceTree = "<group>";
		};
		EA7C03872C715036000370EB /* SingleImageViewController */ = {
			isa = PBXGroup;
			children = (
				EA1E21F72C484845007C1B81 /* SingleImageViewController.swift */,
			);
			path = SingleImageViewController;
			sourceTree = "<group>";
		};
		EAA980922C372BA20095CE78 = {
			isa = PBXGroup;
			children = (
				EAA9809D2C372BA30095CE78 /* ImageFeed */,
				EAA980B42C372BA40095CE78 /* ImageFeedTests */,
				EAA980BE2C372BA40095CE78 /* ImageFeedUITests */,
				EAA9809C2C372BA30095CE78 /* Products */,
			);
			sourceTree = "<group>";
		};
		EAA9809C2C372BA30095CE78 /* Products */ = {
			isa = PBXGroup;
			children = (
				EAA9809B2C372BA30095CE78 /* ImageFeed.app */,
				EAA980B12C372BA40095CE78 /* ImageFeedTests.xctest */,
				EAA980BB2C372BA40095CE78 /* ImageFeedUITests.xctest */,
				EAE280CB2CC2861E00E9A6DC /* ProfileViewTests.xctest */,
				EAE280D82CC286DB00E9A6DC /* ProfileViewTest.xctest */,
			);
			name = Products;
			sourceTree = "<group>";
		};
		EAA9809D2C372BA30095CE78 /* ImageFeed */ = {
			isa = PBXGroup;
			children = (
				EAA9809E2C372BA30095CE78 /* AppDelegate.swift */,
				EAA980A02C372BA30095CE78 /* SceneDelegate.swift */,
				EA2FD9F92C63E638000A0F62 /* URLSession+data.swift */,
				EA9D94102C55405500CC1C2D /* AuthConfiguration.swift */,
				EAB1D9062CA899E300F4D1CD /* TabBarController */,
				EA716B7B2C8E57DD008244E6 /* UIBlockingProgressHud */,
				EA7C03832C714FC1000370EB /* SplashViewController */,
				EA7C03822C714FA8000370EB /* Auth */,
				EA7C03842C714FEA000370EB /* ImageList */,
				EA7C03852C715014000370EB /* ProfileViewController */,
				EA7C03802C714F11000370EB /* ServiceAccessLayer */,
				EA7C03872C715036000370EB /* SingleImageViewController */,
				EAA980A42C372BA30095CE78 /* Main.storyboard */,
				EAA980A72C372BA40095CE78 /* Assets.xcassets */,
				EAA980A92C372BA40095CE78 /* LaunchScreen.storyboard */,
				EAA980AC2C372BA40095CE78 /* Info.plist */,
			);
			path = ImageFeed;
			sourceTree = "<group>";
		};
		EAA980B42C372BA40095CE78 /* ImageFeedTests */ = {
			isa = PBXGroup;
			children = (
				EAE280E32CC2881C00E9A6DC /* ImagesListViewTests.swift */,
				EAE280E12CC2870300E9A6DC /* ProfileViewTests.swift */,
				EAA980B52C372BA40095CE78 /* ImageFeedTests.swift */,
			);
			path = ImageFeedTests;
			sourceTree = "<group>";
		};
		EAA980BE2C372BA40095CE78 /* ImageFeedUITests */ = {
			isa = PBXGroup;
			children = (
				EAA980BF2C372BA40095CE78 /* ImageFeedUITests.swift */,
				EAA980C12C372BA40095CE78 /* ImageFeedUITestsLaunchTests.swift */,
			);
			path = ImageFeedUITests;
			sourceTree = "<group>";
		};
		EAB1D9062CA899E300F4D1CD /* TabBarController */ = {
			isa = PBXGroup;
			children = (
				EA05EA242CA7242A00815C2F /*  TabBarController.swift */,
			);
			path = TabBarController;
			sourceTree = "<group>";
		};
/* End PBXGroup section */

/* Begin PBXNativeTarget section */
		EAA9809A2C372BA20095CE78 /* ImageFeed */ = {
			isa = PBXNativeTarget;
			buildConfigurationList = EAA980C52C372BA40095CE78 /* Build configuration list for PBXNativeTarget "ImageFeed" */;
			buildPhases = (
				EAA980972C372BA20095CE78 /* Sources */,
				EAA980982C372BA20095CE78 /* Frameworks */,
				EAA980992C372BA20095CE78 /* Resources */,
			);
			buildRules = (
			);
			dependencies = (
			);
			name = ImageFeed;
			packageProductDependencies = (
				EA6B3CCB2C73B3FF00A4533E /* ProgressHUD */,
				EAFBDE942CA4875F004BB407 /* Kingfisher */,
				EA05EA202CA496F000815C2F /* SwiftKeychainWrapper */,
			);
			productName = ImageFeed;
			productReference = EAA9809B2C372BA30095CE78 /* ImageFeed.app */;
			productType = "com.apple.product-type.application";
		};
		EAA980B02C372BA40095CE78 /* ImageFeedTests */ = {
			isa = PBXNativeTarget;
			buildConfigurationList = EAA980C82C372BA40095CE78 /* Build configuration list for PBXNativeTarget "ImageFeedTests" */;
			buildPhases = (
				EAA980AD2C372BA40095CE78 /* Sources */,
				EAA980AE2C372BA40095CE78 /* Frameworks */,
				EAA980AF2C372BA40095CE78 /* Resources */,
			);
			buildRules = (
			);
			dependencies = (
				EAA980B32C372BA40095CE78 /* PBXTargetDependency */,
			);
			name = ImageFeedTests;
			productName = ImageFeedTests;
			productReference = EAA980B12C372BA40095CE78 /* ImageFeedTests.xctest */;
			productType = "com.apple.product-type.bundle.unit-test";
		};
		EAA980BA2C372BA40095CE78 /* ImageFeedUITests */ = {
			isa = PBXNativeTarget;
			buildConfigurationList = EAA980CB2C372BA40095CE78 /* Build configuration list for PBXNativeTarget "ImageFeedUITests" */;
			buildPhases = (
				EAA980B72C372BA40095CE78 /* Sources */,
				EAA980B82C372BA40095CE78 /* Frameworks */,
				EAA980B92C372BA40095CE78 /* Resources */,
			);
			buildRules = (
			);
			dependencies = (
				EAA980BD2C372BA40095CE78 /* PBXTargetDependency */,
			);
			name = ImageFeedUITests;
			productName = ImageFeedUITests;
			productReference = EAA980BB2C372BA40095CE78 /* ImageFeedUITests.xctest */;
			productType = "com.apple.product-type.bundle.ui-testing";
		};
		EAE280CA2CC2861E00E9A6DC /* ProfileViewTests */ = {
			isa = PBXNativeTarget;
			buildConfigurationList = EAE280D12CC2861E00E9A6DC /* Build configuration list for PBXNativeTarget "ProfileViewTests" */;
			buildPhases = (
				EAE280C72CC2861E00E9A6DC /* Sources */,
				EAE280C82CC2861E00E9A6DC /* Frameworks */,
				EAE280C92CC2861E00E9A6DC /* Resources */,
			);
			buildRules = (
			);
			dependencies = (
				EAE280D02CC2861E00E9A6DC /* PBXTargetDependency */,
			);
			name = ProfileViewTests;
			packageProductDependencies = (
			);
			productName = ProfileViewTests;
			productReference = EAE280CB2CC2861E00E9A6DC /* ProfileViewTests.xctest */;
			productType = "com.apple.product-type.bundle.unit-test";
		};
		EAE280D72CC286DB00E9A6DC /* ProfileViewTest */ = {
			isa = PBXNativeTarget;
			buildConfigurationList = EAE280DE2CC286DB00E9A6DC /* Build configuration list for PBXNativeTarget "ProfileViewTest" */;
			buildPhases = (
				EAE280D42CC286DB00E9A6DC /* Sources */,
				EAE280D52CC286DB00E9A6DC /* Frameworks */,
				EAE280D62CC286DB00E9A6DC /* Resources */,
			);
			buildRules = (
			);
			dependencies = (
				EAE280DD2CC286DB00E9A6DC /* PBXTargetDependency */,
			);
			name = ProfileViewTest;
			packageProductDependencies = (
			);
			productName = ProfileViewTest;
			productReference = EAE280D82CC286DB00E9A6DC /* ProfileViewTest.xctest */;
			productType = "com.apple.product-type.bundle.unit-test";
		};
/* End PBXNativeTarget section */

/* Begin PBXProject section */
		EAA980932C372BA20095CE78 /* Project object */ = {
			isa = PBXProject;
			attributes = {
				BuildIndependentTargetsInParallel = 1;
				LastSwiftUpdateCheck = 1600;
				LastUpgradeCheck = 1600;
				TargetAttributes = {
					EAA9809A2C372BA20095CE78 = {
						CreatedOnToolsVersion = 15.4;
					};
					EAA980B02C372BA40095CE78 = {
						CreatedOnToolsVersion = 15.4;
						TestTargetID = EAA9809A2C372BA20095CE78;
					};
					EAA980BA2C372BA40095CE78 = {
						CreatedOnToolsVersion = 15.4;
						TestTargetID = EAA9809A2C372BA20095CE78;
					};
					EAE280CA2CC2861E00E9A6DC = {
						CreatedOnToolsVersion = 16.0;
						TestTargetID = EAA9809A2C372BA20095CE78;
					};
					EAE280D72CC286DB00E9A6DC = {
						CreatedOnToolsVersion = 16.0;
						TestTargetID = EAA9809A2C372BA20095CE78;
					};
				};
			};
			buildConfigurationList = EAA980962C372BA20095CE78 /* Build configuration list for PBXProject "ImageFeed" */;
			compatibilityVersion = "Xcode 14.0";
			developmentRegion = en;
			hasScannedForEncodings = 0;
			knownRegions = (
				en,
				Base,
			);
			mainGroup = EAA980922C372BA20095CE78;
			packageReferences = (
				EA7C03882C73AD88000370EB /* XCRemoteSwiftPackageReference "ProgressHUD" */,
				EA60081D2CA3331500874D53 /* XCRemoteSwiftPackageReference "SwiftKeychainWrapper" */,
				EAFBDE932CA4875F004BB407 /* XCRemoteSwiftPackageReference "Kingfisher" */,
			);
			productRefGroup = EAA9809C2C372BA30095CE78 /* Products */;
			projectDirPath = "";
			projectRoot = "";
			targets = (
				EAA9809A2C372BA20095CE78 /* ImageFeed */,
				EAA980B02C372BA40095CE78 /* ImageFeedTests */,
				EAA980BA2C372BA40095CE78 /* ImageFeedUITests */,
				EAE280CA2CC2861E00E9A6DC /* ProfileViewTests */,
				EAE280D72CC286DB00E9A6DC /* ProfileViewTest */,
			);
		};
/* End PBXProject section */

/* Begin PBXResourcesBuildPhase section */
		EAA980992C372BA20095CE78 /* Resources */ = {
			isa = PBXResourcesBuildPhase;
			buildActionMask = 2147483647;
			files = (
				EAA980A82C372BA40095CE78 /* Assets.xcassets in Resources */,
				EAA980AB2C372BA40095CE78 /* Base in Resources */,
				EAA980A62C372BA30095CE78 /* Base in Resources */,
			);
			runOnlyForDeploymentPostprocessing = 0;
		};
		EAA980AF2C372BA40095CE78 /* Resources */ = {
			isa = PBXResourcesBuildPhase;
			buildActionMask = 2147483647;
			files = (
			);
			runOnlyForDeploymentPostprocessing = 0;
		};
		EAA980B92C372BA40095CE78 /* Resources */ = {
			isa = PBXResourcesBuildPhase;
			buildActionMask = 2147483647;
			files = (
			);
			runOnlyForDeploymentPostprocessing = 0;
		};
		EAE280C92CC2861E00E9A6DC /* Resources */ = {
			isa = PBXResourcesBuildPhase;
			buildActionMask = 2147483647;
			files = (
			);
			runOnlyForDeploymentPostprocessing = 0;
		};
		EAE280D62CC286DB00E9A6DC /* Resources */ = {
			isa = PBXResourcesBuildPhase;
			buildActionMask = 2147483647;
			files = (
			);
			runOnlyForDeploymentPostprocessing = 0;
		};
/* End PBXResourcesBuildPhase section */

/* Begin PBXSourcesBuildPhase section */
		EAA980972C372BA20095CE78 /* Sources */ = {
			isa = PBXSourcesBuildPhase;
			buildActionMask = 2147483647;
			files = (
				EAA980A32C372BA30095CE78 /* ImagesListViewController.swift in Sources */,
				EA993FBF2C3F215400FF4BAC /* ImagesListCell.swift in Sources */,
				EAEAB9342C4324770014F1B8 /* ProfileViewController.swift in Sources */,
				EA716B7A2C8E57CF008244E6 /* UIBlockingProgressHUD.swift in Sources */,
				EA9675D02CB6DEFF00C845D0 /* ImagesListService.swift in Sources */,
				EA2FD9FE2C6428D8000A0F62 /* SplashViewController.swift in Sources */,
				EAE280E62CC2889700E9A6DC /* ImagesListPresenterSpy.swift in Sources */,
				EA2FD9F82C63E461000A0F62 /*  OAuth2Service.swift in Sources */,
				EAA9809F2C372BA30095CE78 /* AppDelegate.swift in Sources */,
				EA716B7F2C91FD5D008244E6 /* Profile.swift in Sources */,
				EA716B7D2C90C466008244E6 /* ProfileService.swift in Sources */,
				EA9D94132C56D52C00CC1C2D /* AuthViewController.swift in Sources */,
				EA05EA252CA7244300815C2F /*  TabBarController.swift in Sources */,
				EA1E21F82C484845007C1B81 /* SingleImageViewController.swift in Sources */,
				EA8B109C2C99FA41008D9693 /* ProfileImageService.swift in Sources */,
				EAE280BA2CB85EBB00E9A6DC /*  ImagesListCellDelegate.swift in Sources */,
				EA2FDA062C69467C000A0F62 /* WebViewViewControllerDelegate.swift in Sources */,
				EA2FD9FA2C63E638000A0F62 /* URLSession+data.swift in Sources */,
				EAE280BC2CB8789E00E9A6DC /* ProfileLogoutService.swift in Sources */,
				EA2FDA002C64E36B000A0F62 /* OAuth2TokenStorage .swift in Sources */,
				EAE280C22CC0536600E9A6DC /* AuthHelper.swift in Sources */,
				EA2FDA022C655CEA000A0F62 /* OAuthTokenResponseBody.swift in Sources */,
				EAE280BE2CC0374200E9A6DC /* WebViewPresenter.swift in Sources */,
				EAE280E82CC2893400E9A6DC /* ProfilePresenterSpy.swift in Sources */,
				EA9675D22CB6EC3F00C845D0 /* Photo.swift in Sources */,
				EAE280C42CC18F5900E9A6DC /* ProfilePresenter.swift in Sources */,
				EA9D94112C55405500CC1C2D /* AuthConfiguration.swift in Sources */,
				EA9D94152C56DB0F00CC1C2D /* WebViewViewController.swift in Sources */,
				EAE280C62CC1A85400E9A6DC /* ImagesListPresenter.swift in Sources */,
				EAA980A12C372BA30095CE78 /* SceneDelegate.swift in Sources */,
			);
			runOnlyForDeploymentPostprocessing = 0;
		};
		EAA980AD2C372BA40095CE78 /* Sources */ = {
			isa = PBXSourcesBuildPhase;
			buildActionMask = 2147483647;
			files = (
				EAE280E42CC2883C00E9A6DC /* ImagesListViewTests.swift in Sources */,
				EAE280E22CC2871000E9A6DC /* ProfileViewTests.swift in Sources */,
				EAA980B62C372BA40095CE78 /* ImageFeedTests.swift in Sources */,
			);
			runOnlyForDeploymentPostprocessing = 0;
		};
		EAA980B72C372BA40095CE78 /* Sources */ = {
			isa = PBXSourcesBuildPhase;
			buildActionMask = 2147483647;
			files = (
				EAA980C22C372BA40095CE78 /* ImageFeedUITestsLaunchTests.swift in Sources */,
				EAA980C02C372BA40095CE78 /* ImageFeedUITests.swift in Sources */,
			);
			runOnlyForDeploymentPostprocessing = 0;
		};
		EAE280C72CC2861E00E9A6DC /* Sources */ = {
			isa = PBXSourcesBuildPhase;
			buildActionMask = 2147483647;
			files = (
			);
			runOnlyForDeploymentPostprocessing = 0;
		};
		EAE280D42CC286DB00E9A6DC /* Sources */ = {
			isa = PBXSourcesBuildPhase;
			buildActionMask = 2147483647;
			files = (
			);
			runOnlyForDeploymentPostprocessing = 0;
		};
/* End PBXSourcesBuildPhase section */

/* Begin PBXTargetDependency section */
		EAA980B32C372BA40095CE78 /* PBXTargetDependency */ = {
			isa = PBXTargetDependency;
			target = EAA9809A2C372BA20095CE78 /* ImageFeed */;
			targetProxy = EAA980B22C372BA40095CE78 /* PBXContainerItemProxy */;
		};
		EAA980BD2C372BA40095CE78 /* PBXTargetDependency */ = {
			isa = PBXTargetDependency;
			target = EAA9809A2C372BA20095CE78 /* ImageFeed */;
			targetProxy = EAA980BC2C372BA40095CE78 /* PBXContainerItemProxy */;
		};
		EAE280D02CC2861E00E9A6DC /* PBXTargetDependency */ = {
			isa = PBXTargetDependency;
			target = EAA9809A2C372BA20095CE78 /* ImageFeed */;
			targetProxy = EAE280CF2CC2861E00E9A6DC /* PBXContainerItemProxy */;
		};
		EAE280DD2CC286DB00E9A6DC /* PBXTargetDependency */ = {
			isa = PBXTargetDependency;
			target = EAA9809A2C372BA20095CE78 /* ImageFeed */;
			targetProxy = EAE280DC2CC286DB00E9A6DC /* PBXContainerItemProxy */;
		};
/* End PBXTargetDependency section */

/* Begin PBXVariantGroup section */
		EAA980A42C372BA30095CE78 /* Main.storyboard */ = {
			isa = PBXVariantGroup;
			children = (
				EAA980A52C372BA30095CE78 /* Base */,
			);
			name = Main.storyboard;
			sourceTree = "<group>";
		};
		EAA980A92C372BA40095CE78 /* LaunchScreen.storyboard */ = {
			isa = PBXVariantGroup;
			children = (
				EAA980AA2C372BA40095CE78 /* Base */,
			);
			name = LaunchScreen.storyboard;
			sourceTree = "<group>";
		};
/* End PBXVariantGroup section */

/* Begin XCBuildConfiguration section */
		EAA980C32C372BA40095CE78 /* Debug */ = {
			isa = XCBuildConfiguration;
			buildSettings = {
				ALWAYS_SEARCH_USER_PATHS = NO;
				ASSETCATALOG_COMPILER_GENERATE_SWIFT_ASSET_SYMBOL_EXTENSIONS = YES;
				CLANG_ANALYZER_NONNULL = YES;
				CLANG_ANALYZER_NUMBER_OBJECT_CONVERSION = YES_AGGRESSIVE;
				CLANG_CXX_LANGUAGE_STANDARD = "gnu++20";
				CLANG_ENABLE_MODULES = YES;
				CLANG_ENABLE_OBJC_ARC = YES;
				CLANG_ENABLE_OBJC_WEAK = YES;
				CLANG_WARN_BLOCK_CAPTURE_AUTORELEASING = YES;
				CLANG_WARN_BOOL_CONVERSION = YES;
				CLANG_WARN_COMMA = YES;
				CLANG_WARN_CONSTANT_CONVERSION = YES;
				CLANG_WARN_DEPRECATED_OBJC_IMPLEMENTATIONS = YES;
				CLANG_WARN_DIRECT_OBJC_ISA_USAGE = YES_ERROR;
				CLANG_WARN_DOCUMENTATION_COMMENTS = YES;
				CLANG_WARN_EMPTY_BODY = YES;
				CLANG_WARN_ENUM_CONVERSION = YES;
				CLANG_WARN_INFINITE_RECURSION = YES;
				CLANG_WARN_INT_CONVERSION = YES;
				CLANG_WARN_NON_LITERAL_NULL_CONVERSION = YES;
				CLANG_WARN_OBJC_IMPLICIT_RETAIN_SELF = YES;
				CLANG_WARN_OBJC_LITERAL_CONVERSION = YES;
				CLANG_WARN_OBJC_ROOT_CLASS = YES_ERROR;
				CLANG_WARN_QUOTED_INCLUDE_IN_FRAMEWORK_HEADER = YES;
				CLANG_WARN_RANGE_LOOP_ANALYSIS = YES;
				CLANG_WARN_STRICT_PROTOTYPES = YES;
				CLANG_WARN_SUSPICIOUS_MOVE = YES;
				CLANG_WARN_UNGUARDED_AVAILABILITY = YES_AGGRESSIVE;
				CLANG_WARN_UNREACHABLE_CODE = YES;
				CLANG_WARN__DUPLICATE_METHOD_MATCH = YES;
				COPY_PHASE_STRIP = NO;
				DEBUG_INFORMATION_FORMAT = dwarf;
				ENABLE_STRICT_OBJC_MSGSEND = YES;
				ENABLE_TESTABILITY = YES;
				ENABLE_USER_SCRIPT_SANDBOXING = YES;
				GCC_C_LANGUAGE_STANDARD = gnu17;
				GCC_DYNAMIC_NO_PIC = NO;
				GCC_NO_COMMON_BLOCKS = YES;
				GCC_OPTIMIZATION_LEVEL = 0;
				GCC_PREPROCESSOR_DEFINITIONS = (
					"DEBUG=1",
					"$(inherited)",
				);
				GCC_WARN_64_TO_32_BIT_CONVERSION = YES;
				GCC_WARN_ABOUT_RETURN_TYPE = YES_ERROR;
				GCC_WARN_UNDECLARED_SELECTOR = YES;
				GCC_WARN_UNINITIALIZED_AUTOS = YES_AGGRESSIVE;
				GCC_WARN_UNUSED_FUNCTION = YES;
				GCC_WARN_UNUSED_VARIABLE = YES;
				IPHONEOS_DEPLOYMENT_TARGET = 17.5;
				LOCALIZATION_PREFERS_STRING_CATALOGS = YES;
				MTL_ENABLE_DEBUG_INFO = INCLUDE_SOURCE;
				MTL_FAST_MATH = YES;
				ONLY_ACTIVE_ARCH = YES;
				SDKROOT = iphoneos;
				SWIFT_ACTIVE_COMPILATION_CONDITIONS = "DEBUG $(inherited)";
				SWIFT_OPTIMIZATION_LEVEL = "-Onone";
			};
			name = Debug;
		};
		EAA980C42C372BA40095CE78 /* Release */ = {
			isa = XCBuildConfiguration;
			buildSettings = {
				ALWAYS_SEARCH_USER_PATHS = NO;
				ASSETCATALOG_COMPILER_GENERATE_SWIFT_ASSET_SYMBOL_EXTENSIONS = YES;
				CLANG_ANALYZER_NONNULL = YES;
				CLANG_ANALYZER_NUMBER_OBJECT_CONVERSION = YES_AGGRESSIVE;
				CLANG_CXX_LANGUAGE_STANDARD = "gnu++20";
				CLANG_ENABLE_MODULES = YES;
				CLANG_ENABLE_OBJC_ARC = YES;
				CLANG_ENABLE_OBJC_WEAK = YES;
				CLANG_WARN_BLOCK_CAPTURE_AUTORELEASING = YES;
				CLANG_WARN_BOOL_CONVERSION = YES;
				CLANG_WARN_COMMA = YES;
				CLANG_WARN_CONSTANT_CONVERSION = YES;
				CLANG_WARN_DEPRECATED_OBJC_IMPLEMENTATIONS = YES;
				CLANG_WARN_DIRECT_OBJC_ISA_USAGE = YES_ERROR;
				CLANG_WARN_DOCUMENTATION_COMMENTS = YES;
				CLANG_WARN_EMPTY_BODY = YES;
				CLANG_WARN_ENUM_CONVERSION = YES;
				CLANG_WARN_INFINITE_RECURSION = YES;
				CLANG_WARN_INT_CONVERSION = YES;
				CLANG_WARN_NON_LITERAL_NULL_CONVERSION = YES;
				CLANG_WARN_OBJC_IMPLICIT_RETAIN_SELF = YES;
				CLANG_WARN_OBJC_LITERAL_CONVERSION = YES;
				CLANG_WARN_OBJC_ROOT_CLASS = YES_ERROR;
				CLANG_WARN_QUOTED_INCLUDE_IN_FRAMEWORK_HEADER = YES;
				CLANG_WARN_RANGE_LOOP_ANALYSIS = YES;
				CLANG_WARN_STRICT_PROTOTYPES = YES;
				CLANG_WARN_SUSPICIOUS_MOVE = YES;
				CLANG_WARN_UNGUARDED_AVAILABILITY = YES_AGGRESSIVE;
				CLANG_WARN_UNREACHABLE_CODE = YES;
				CLANG_WARN__DUPLICATE_METHOD_MATCH = YES;
				COPY_PHASE_STRIP = NO;
				DEBUG_INFORMATION_FORMAT = "dwarf-with-dsym";
				ENABLE_NS_ASSERTIONS = NO;
				ENABLE_STRICT_OBJC_MSGSEND = YES;
				ENABLE_USER_SCRIPT_SANDBOXING = YES;
				GCC_C_LANGUAGE_STANDARD = gnu17;
				GCC_NO_COMMON_BLOCKS = YES;
				GCC_WARN_64_TO_32_BIT_CONVERSION = YES;
				GCC_WARN_ABOUT_RETURN_TYPE = YES_ERROR;
				GCC_WARN_UNDECLARED_SELECTOR = YES;
				GCC_WARN_UNINITIALIZED_AUTOS = YES_AGGRESSIVE;
				GCC_WARN_UNUSED_FUNCTION = YES;
				GCC_WARN_UNUSED_VARIABLE = YES;
				IPHONEOS_DEPLOYMENT_TARGET = 17.5;
				LOCALIZATION_PREFERS_STRING_CATALOGS = YES;
				MTL_ENABLE_DEBUG_INFO = NO;
				MTL_FAST_MATH = YES;
				SDKROOT = iphoneos;
				SWIFT_COMPILATION_MODE = wholemodule;
				VALIDATE_PRODUCT = YES;
			};
			name = Release;
		};
		EAA980C62C372BA40095CE78 /* Debug */ = {
			isa = XCBuildConfiguration;
			buildSettings = {
				ASSETCATALOG_COMPILER_APPICON_NAME = AppIcon;
				ASSETCATALOG_COMPILER_GLOBAL_ACCENT_COLOR_NAME = AccentColor;
				CODE_SIGN_STYLE = Automatic;
				CURRENT_PROJECT_VERSION = 1;
				DEVELOPMENT_TEAM = 8NKC7JLY7R;
				GENERATE_INFOPLIST_FILE = YES;
				INFOPLIST_FILE = ImageFeed/Info.plist;
				INFOPLIST_KEY_UIApplicationSupportsIndirectInputEvents = YES;
				INFOPLIST_KEY_UILaunchStoryboardName = LaunchScreen;
				INFOPLIST_KEY_UIMainStoryboardFile = Main;
				INFOPLIST_KEY_UIStatusBarStyle = "";
				INFOPLIST_KEY_UISupportedInterfaceOrientations = UIInterfaceOrientationPortrait;
				IPHONEOS_DEPLOYMENT_TARGET = 13.0;
				LD_RUNPATH_SEARCH_PATHS = (
					"$(inherited)",
					"@executable_path/Frameworks",
				);
				MARKETING_VERSION = 1.0;
				PRODUCT_BUNDLE_IDENTIFIER = ru.davidbekoev.ImageFeed;
				PRODUCT_NAME = "$(TARGET_NAME)";
				SUPPORTED_PLATFORMS = "iphoneos iphonesimulator";
				SUPPORTS_MACCATALYST = NO;
				SWIFT_EMIT_LOC_STRINGS = YES;
				SWIFT_VERSION = 5.0;
				TARGETED_DEVICE_FAMILY = 1;
			};
			name = Debug;
		};
		EAA980C72C372BA40095CE78 /* Release */ = {
			isa = XCBuildConfiguration;
			buildSettings = {
				ASSETCATALOG_COMPILER_APPICON_NAME = AppIcon;
				ASSETCATALOG_COMPILER_GLOBAL_ACCENT_COLOR_NAME = AccentColor;
				CODE_SIGN_STYLE = Automatic;
				CURRENT_PROJECT_VERSION = 1;
				DEVELOPMENT_TEAM = 8NKC7JLY7R;
				GENERATE_INFOPLIST_FILE = YES;
				INFOPLIST_FILE = ImageFeed/Info.plist;
				INFOPLIST_KEY_UIApplicationSupportsIndirectInputEvents = YES;
				INFOPLIST_KEY_UILaunchStoryboardName = LaunchScreen;
				INFOPLIST_KEY_UIMainStoryboardFile = Main;
				INFOPLIST_KEY_UIStatusBarStyle = "";
				INFOPLIST_KEY_UISupportedInterfaceOrientations = UIInterfaceOrientationPortrait;
				IPHONEOS_DEPLOYMENT_TARGET = 13.0;
				LD_RUNPATH_SEARCH_PATHS = (
					"$(inherited)",
					"@executable_path/Frameworks",
				);
				MARKETING_VERSION = 1.0;
				PRODUCT_BUNDLE_IDENTIFIER = ru.davidbekoev.ImageFeed;
				PRODUCT_NAME = "$(TARGET_NAME)";
				SUPPORTED_PLATFORMS = "iphoneos iphonesimulator";
				SUPPORTS_MACCATALYST = NO;
				SWIFT_EMIT_LOC_STRINGS = YES;
				SWIFT_VERSION = 5.0;
				TARGETED_DEVICE_FAMILY = 1;
			};
			name = Release;
		};
		EAA980C92C372BA40095CE78 /* Debug */ = {
			isa = XCBuildConfiguration;
			buildSettings = {
				BUNDLE_LOADER = "$(TEST_HOST)";
				CODE_SIGN_STYLE = Automatic;
				CURRENT_PROJECT_VERSION = 1;
				DEVELOPMENT_TEAM = 8NKC7JLY7R;
				GENERATE_INFOPLIST_FILE = YES;
				IPHONEOS_DEPLOYMENT_TARGET = 17.5;
				MARKETING_VERSION = 1.0;
				PRODUCT_BUNDLE_IDENTIFIER = ru.davidbekoev.ImageFeedTests;
				PRODUCT_NAME = "$(TARGET_NAME)";
				SWIFT_EMIT_LOC_STRINGS = NO;
				SWIFT_VERSION = 5.0;
				TARGETED_DEVICE_FAMILY = "1,2";
				TEST_HOST = "$(BUILT_PRODUCTS_DIR)/ImageFeed.app/$(BUNDLE_EXECUTABLE_FOLDER_PATH)/ImageFeed";
			};
			name = Debug;
		};
		EAA980CA2C372BA40095CE78 /* Release */ = {
			isa = XCBuildConfiguration;
			buildSettings = {
				BUNDLE_LOADER = "$(TEST_HOST)";
				CODE_SIGN_STYLE = Automatic;
				CURRENT_PROJECT_VERSION = 1;
				DEVELOPMENT_TEAM = 8NKC7JLY7R;
				GENERATE_INFOPLIST_FILE = YES;
				IPHONEOS_DEPLOYMENT_TARGET = 17.5;
				MARKETING_VERSION = 1.0;
				PRODUCT_BUNDLE_IDENTIFIER = ru.davidbekoev.ImageFeedTests;
				PRODUCT_NAME = "$(TARGET_NAME)";
				SWIFT_EMIT_LOC_STRINGS = NO;
				SWIFT_VERSION = 5.0;
				TARGETED_DEVICE_FAMILY = "1,2";
				TEST_HOST = "$(BUILT_PRODUCTS_DIR)/ImageFeed.app/$(BUNDLE_EXECUTABLE_FOLDER_PATH)/ImageFeed";
			};
			name = Release;
		};
		EAA980CC2C372BA40095CE78 /* Debug */ = {
			isa = XCBuildConfiguration;
			buildSettings = {
				CODE_SIGN_STYLE = Automatic;
				CURRENT_PROJECT_VERSION = 1;
				DEVELOPMENT_TEAM = 8NKC7JLY7R;
				GENERATE_INFOPLIST_FILE = YES;
				MARKETING_VERSION = 1.0;
				PRODUCT_BUNDLE_IDENTIFIER = ru.davidbekoev.ImageFeedUITests;
				PRODUCT_NAME = "$(TARGET_NAME)";
				SWIFT_EMIT_LOC_STRINGS = NO;
				SWIFT_VERSION = 5.0;
				TARGETED_DEVICE_FAMILY = "1,2";
				TEST_TARGET_NAME = ImageFeed;
			};
			name = Debug;
		};
		EAA980CD2C372BA40095CE78 /* Release */ = {
			isa = XCBuildConfiguration;
			buildSettings = {
				CODE_SIGN_STYLE = Automatic;
				CURRENT_PROJECT_VERSION = 1;
				DEVELOPMENT_TEAM = 8NKC7JLY7R;
				GENERATE_INFOPLIST_FILE = YES;
				MARKETING_VERSION = 1.0;
				PRODUCT_BUNDLE_IDENTIFIER = ru.davidbekoev.ImageFeedUITests;
				PRODUCT_NAME = "$(TARGET_NAME)";
				SWIFT_EMIT_LOC_STRINGS = NO;
				SWIFT_VERSION = 5.0;
				TARGETED_DEVICE_FAMILY = "1,2";
				TEST_TARGET_NAME = ImageFeed;
			};
			name = Release;
		};
		EAE280D22CC2861E00E9A6DC /* Debug */ = {
			isa = XCBuildConfiguration;
			buildSettings = {
				BUNDLE_LOADER = "$(TEST_HOST)";
				CODE_SIGN_STYLE = Automatic;
				CURRENT_PROJECT_VERSION = 1;
				GENERATE_INFOPLIST_FILE = YES;
				IPHONEOS_DEPLOYMENT_TARGET = 18.0;
				MARKETING_VERSION = 1.0;
				PRODUCT_BUNDLE_IDENTIFIER = ru.davidbekoev.ProfileViewTests;
				PRODUCT_NAME = "$(TARGET_NAME)";
				SWIFT_EMIT_LOC_STRINGS = NO;
				SWIFT_VERSION = 5.0;
				TARGETED_DEVICE_FAMILY = "1,2";
				TEST_HOST = "$(BUILT_PRODUCTS_DIR)/ImageFeed.app/$(BUNDLE_EXECUTABLE_FOLDER_PATH)/ImageFeed";
			};
			name = Debug;
		};
		EAE280D32CC2861E00E9A6DC /* Release */ = {
			isa = XCBuildConfiguration;
			buildSettings = {
				BUNDLE_LOADER = "$(TEST_HOST)";
				CODE_SIGN_STYLE = Automatic;
				CURRENT_PROJECT_VERSION = 1;
				GENERATE_INFOPLIST_FILE = YES;
				IPHONEOS_DEPLOYMENT_TARGET = 18.0;
				MARKETING_VERSION = 1.0;
				PRODUCT_BUNDLE_IDENTIFIER = ru.davidbekoev.ProfileViewTests;
				PRODUCT_NAME = "$(TARGET_NAME)";
				SWIFT_EMIT_LOC_STRINGS = NO;
				SWIFT_VERSION = 5.0;
				TARGETED_DEVICE_FAMILY = "1,2";
				TEST_HOST = "$(BUILT_PRODUCTS_DIR)/ImageFeed.app/$(BUNDLE_EXECUTABLE_FOLDER_PATH)/ImageFeed";
			};
			name = Release;
		};
		EAE280DF2CC286DB00E9A6DC /* Debug */ = {
			isa = XCBuildConfiguration;
			buildSettings = {
				BUNDLE_LOADER = "$(TEST_HOST)";
				CODE_SIGN_STYLE = Automatic;
				CURRENT_PROJECT_VERSION = 1;
				GENERATE_INFOPLIST_FILE = YES;
				IPHONEOS_DEPLOYMENT_TARGET = 18.0;
				MARKETING_VERSION = 1.0;
				PRODUCT_BUNDLE_IDENTIFIER = ru.davidbekoev.ProfileViewTest;
				PRODUCT_NAME = "$(TARGET_NAME)";
				SWIFT_EMIT_LOC_STRINGS = NO;
				SWIFT_VERSION = 5.0;
				TARGETED_DEVICE_FAMILY = "1,2";
				TEST_HOST = "$(BUILT_PRODUCTS_DIR)/ImageFeed.app/$(BUNDLE_EXECUTABLE_FOLDER_PATH)/ImageFeed";
			};
			name = Debug;
		};
		EAE280E02CC286DB00E9A6DC /* Release */ = {
			isa = XCBuildConfiguration;
			buildSettings = {
				BUNDLE_LOADER = "$(TEST_HOST)";
				CODE_SIGN_STYLE = Automatic;
				CURRENT_PROJECT_VERSION = 1;
				GENERATE_INFOPLIST_FILE = YES;
				IPHONEOS_DEPLOYMENT_TARGET = 18.0;
				MARKETING_VERSION = 1.0;
				PRODUCT_BUNDLE_IDENTIFIER = ru.davidbekoev.ProfileViewTest;
				PRODUCT_NAME = "$(TARGET_NAME)";
				SWIFT_EMIT_LOC_STRINGS = NO;
				SWIFT_VERSION = 5.0;
				TARGETED_DEVICE_FAMILY = "1,2";
				TEST_HOST = "$(BUILT_PRODUCTS_DIR)/ImageFeed.app/$(BUNDLE_EXECUTABLE_FOLDER_PATH)/ImageFeed";
			};
			name = Release;
		};
/* End XCBuildConfiguration section */

/* Begin XCConfigurationList section */
		EAA980962C372BA20095CE78 /* Build configuration list for PBXProject "ImageFeed" */ = {
			isa = XCConfigurationList;
			buildConfigurations = (
				EAA980C32C372BA40095CE78 /* Debug */,
				EAA980C42C372BA40095CE78 /* Release */,
			);
			defaultConfigurationIsVisible = 0;
			defaultConfigurationName = Release;
		};
		EAA980C52C372BA40095CE78 /* Build configuration list for PBXNativeTarget "ImageFeed" */ = {
			isa = XCConfigurationList;
			buildConfigurations = (
				EAA980C62C372BA40095CE78 /* Debug */,
				EAA980C72C372BA40095CE78 /* Release */,
			);
			defaultConfigurationIsVisible = 0;
			defaultConfigurationName = Release;
		};
		EAA980C82C372BA40095CE78 /* Build configuration list for PBXNativeTarget "ImageFeedTests" */ = {
			isa = XCConfigurationList;
			buildConfigurations = (
				EAA980C92C372BA40095CE78 /* Debug */,
				EAA980CA2C372BA40095CE78 /* Release */,
			);
			defaultConfigurationIsVisible = 0;
			defaultConfigurationName = Release;
		};
		EAA980CB2C372BA40095CE78 /* Build configuration list for PBXNativeTarget "ImageFeedUITests" */ = {
			isa = XCConfigurationList;
			buildConfigurations = (
				EAA980CC2C372BA40095CE78 /* Debug */,
				EAA980CD2C372BA40095CE78 /* Release */,
			);
			defaultConfigurationIsVisible = 0;
			defaultConfigurationName = Release;
		};
		EAE280D12CC2861E00E9A6DC /* Build configuration list for PBXNativeTarget "ProfileViewTests" */ = {
			isa = XCConfigurationList;
			buildConfigurations = (
				EAE280D22CC2861E00E9A6DC /* Debug */,
				EAE280D32CC2861E00E9A6DC /* Release */,
			);
			defaultConfigurationIsVisible = 0;
			defaultConfigurationName = Release;
		};
		EAE280DE2CC286DB00E9A6DC /* Build configuration list for PBXNativeTarget "ProfileViewTest" */ = {
			isa = XCConfigurationList;
			buildConfigurations = (
				EAE280DF2CC286DB00E9A6DC /* Debug */,
				EAE280E02CC286DB00E9A6DC /* Release */,
			);
			defaultConfigurationIsVisible = 0;
			defaultConfigurationName = Release;
		};
/* End XCConfigurationList section */

/* Begin XCRemoteSwiftPackageReference section */
		EA60081D2CA3331500874D53 /* XCRemoteSwiftPackageReference "SwiftKeychainWrapper" */ = {
			isa = XCRemoteSwiftPackageReference;
			repositoryURL = "https://github.com/jrendel/SwiftKeychainWrapper?ysclid=m1gqbsurf0888481144";
			requirement = {
				kind = upToNextMajorVersion;
				minimumVersion = 4.0.1;
			};
		};
		EA7C03882C73AD88000370EB /* XCRemoteSwiftPackageReference "ProgressHUD" */ = {
			isa = XCRemoteSwiftPackageReference;
			repositoryURL = "https://github.com/relatedcode/ProgressHUD";
			requirement = {
				kind = upToNextMajorVersion;
				minimumVersion = 14.1.3;
			};
		};
		EAFBDE932CA4875F004BB407 /* XCRemoteSwiftPackageReference "Kingfisher" */ = {
			isa = XCRemoteSwiftPackageReference;
			repositoryURL = "https://github.com/onevcat/Kingfisher";
			requirement = {
				kind = exactVersion;
				version = 7.12.0;
			};
		};
/* End XCRemoteSwiftPackageReference section */

/* Begin XCSwiftPackageProductDependency section */
		EA05EA202CA496F000815C2F /* SwiftKeychainWrapper */ = {
			isa = XCSwiftPackageProductDependency;
			package = EA60081D2CA3331500874D53 /* XCRemoteSwiftPackageReference "SwiftKeychainWrapper" */;
			productName = SwiftKeychainWrapper;
		};
		EA6B3CCB2C73B3FF00A4533E /* ProgressHUD */ = {
			isa = XCSwiftPackageProductDependency;
			package = EA7C03882C73AD88000370EB /* XCRemoteSwiftPackageReference "ProgressHUD" */;
			productName = ProgressHUD;
		};
		EAFBDE942CA4875F004BB407 /* Kingfisher */ = {
			isa = XCSwiftPackageProductDependency;
			package = EAFBDE932CA4875F004BB407 /* XCRemoteSwiftPackageReference "Kingfisher" */;
			productName = Kingfisher;
		};
/* End XCSwiftPackageProductDependency section */
	};
	rootObject = EAA980932C372BA20095CE78 /* Project object */;
}
